
Microsoft Visual Studio Solution File, Format Version 12.00
# Visual Studio 15
VisualStudioVersion = 15.0.28010.2036
MinimumVisualStudioVersion = 10.0.40219.1
Project("{FAE04EC0-301F-11D3-BF4B-00C04F79EFBC}") = "NetworkProgrammingDay2", "NetworkProgrammingDay2\NetworkProgrammingDay2.csproj", "{CE26D7AF-F652-4C64-8DF1-69A649F7BF4D}"
EndProject
Project("{FAE04EC0-301F-11D3-BF4B-00C04F79EFBC}") = "NetworkProgramming1Day2", "..\NetworkProgramming1Day2\NetworkProgramming1Day2.csproj", "{4860DC3C-4686-48CB-9BE6-F1293D55C746}"
EndProject
Global
	GlobalSection(SolutionConfigurationPlatforms) = preSolution
		Debug|Any CPU = Debug|Any CPU
		Release|Any CPU = Release|Any CPU
	EndGlobalSection
	GlobalSection(ProjectConfigurationPlatforms) = postSolution
		{CE26D7AF-F652-4C64-8DF1-69A649F7BF4D}.Debug|Any CPU.ActiveCfg = Debug|Any CPU
		{CE26D7AF-F652-4C64-8DF1-69A649F7BF4D}.Debug|Any CPU.Build.0 = Debug|Any CPU
		{CE26D7AF-F652-4C64-8DF1-69A649F7BF4D}.Release|Any CPU.ActiveCfg = Release|Any CPU
		{CE26D7AF-F652-4C64-8DF1-69A649F7BF4D}.Release|Any CPU.Build.0 = Release|Any CPU
		{4860DC3C-4686-48CB-9BE6-F1293D55C746}.Debug|Any CPU.ActiveCfg = Debug|Any CPU
		{4860DC3C-4686-48CB-9BE6-F1293D55C746}.Debug|Any CPU.Build.0 = Debug|Any CPU
		{4860DC3C-4686-48CB-9BE6-F1293D55C746}.Release|Any CPU.ActiveCfg = Release|Any CPU
		{4860DC3C-4686-48CB-9BE6-F1293D55C746}.Release|Any CPU.Build.0 = Release|Any CPU
	EndGlobalSection
	GlobalSection(SolutionProperties) = preSolution
		HideSolutionNode = FALSE
	EndGlobalSection
	GlobalSection(ExtensibilityGlobals) = postSolution
		SolutionGuid = {CEE2A210-A806-4ACB-AFEB-2E466C7EA11E}
	EndGlobalSection
EndGlobal
